{
  "name": "element-ui-themes",
  "version": "1.0.0",
  "lockfileVersion": 1,
  "requires": true,
  "dependencies": {
    "2.11.0": {
      "version": "npm:element-theme-chalk@2.11.0",
      "resolved": "https://registry.npmjs.org/element-theme-chalk/-/element-theme-chalk-2.11.0.tgz",
      "integrity": "sha512-LJxrxZb/blET2u2x14ce4BFqenZIFR0/oNsLVSg76m56wx5tVA0jdtCZR07ouVPPKV8r1B6ZIqdT88uAo3GqXQ=="
    },
    "2.11.1": {
      "version": "npm:element-theme-chalk@2.11.1",
      "resolved": "https://registry.npmjs.org/element-theme-chalk/-/element-theme-chalk-2.11.1.tgz",
      "integrity": "sha512-8A8ybfT+ugtevHvcTOnhX8/D2lSF76qAHWYz8zqg4qj+vDEFMHY5faifW041wnCHnsJ0Vg24AoyZAGP150YAXA=="
    },
    "2.12.0": {
      "version": "npm:element-theme-chalk@2.12.0",
      "resolved": "https://registry.npmjs.org/element-theme-chalk/-/element-theme-chalk-2.12.0.tgz",
      "integrity": "sha512-q0G2yJErNfiHC+gz/PtqCnufcLqZmYN1c9kHNzStlN6z45CFbRYkTXLnMkj/8G+T3LlaYqoRFvWy5NMq4ltF2A=="
    },
    "2.13.0": {
      "version": "npm:element-theme-chalk@2.13.0",
      "resolved": "https://registry.npmjs.org/element-theme-chalk/-/element-theme-chalk-2.13.0.tgz",
      "integrity": "sha512-xiftE/xHeBPH+sj3jO1Yv3FqGiVhYawVCixmHiPp3pyv6e4Ie8gAw6kvVif0/6fZh0b3+/MtoowphlBSDpuBDA=="
    },
    "2.13.1": {
      "version": "npm:element-theme-chalk@2.13.1",
      "resolved": "https://registry.npmjs.org/element-theme-chalk/-/element-theme-chalk-2.13.1.tgz",
      "integrity": "sha512-vNXyKCbjto65WY8VKFAvXxGLczFeeCTFolVX/HrDd/gqrUmvWefcTQjE4ltXfdMrXfm/rypwD9sUqud8gj7bAQ=="
    },
    "2.13.2": {
      "version": "npm:element-theme-chalk@2.13.2",
      "resolved": "https://registry.npmjs.org/element-theme-chalk/-/element-theme-chalk-2.13.2.tgz",
      "integrity": "sha512-VtE+yX1r4T1i8fRN+DbQWBdrnDIKQENbxN8Hfop1S45em+MIcuZ2Qgx1xHwuuLS9oaTgsau4MzgOmd8fU8bzMQ=="
    },
    "2.14.0": {
      "version": "npm:element-theme-chalk@2.14.0",
      "resolved": "https://registry.npmjs.org/element-theme-chalk/-/element-theme-chalk-2.14.0.tgz",
      "integrity": "sha512-T1GPw4y/RmtqKp0Ne2jXWzMW0Hc5dou5cgOXZY4S3kAKUcRFmj7eXNLLfJRxYbm3P6fkvLCgMS1ok70857PRNA=="
    },
    "2.14.1": {
      "version": "npm:element-theme-chalk@2.14.1",
      "resolved": "https://registry.npmjs.org/element-theme-chalk/-/element-theme-chalk-2.14.1.tgz",
      "integrity": "sha512-LvXZJF8z9Ko0yNxwPs5tnhv8DzF+xuZse0oLuSXAGB4rQmArkrcJkGoKokq2YbwqrMLYebV9M2FSa2e18FU9Nw=="
    },
    "2.15.0": {
      "version": "npm:element-theme-chalk@2.15.0",
      "resolved": "https://registry.npmjs.org/element-theme-chalk/-/element-theme-chalk-2.15.0.tgz",
      "integrity": "sha512-AtzwMNYD0vK6dleNEnNDfPMWt/kr8V8wR03bmv9HC0mWtdvCy35z23ONU6qhU1fl9Ay1EvV5xX79Yedwg+LrBw=="
    },
    "2.15.1": {
      "version": "npm:element-theme-chalk@2.15.1",
      "resolved": "https://registry.npmjs.org/element-theme-chalk/-/element-theme-chalk-2.15.1.tgz",
      "integrity": "sha512-hswXLSSGZbeUtXPlhtuQec2wQopya/l2zjTOBUw9xqvk+8GmpGu/dNnMm0P7dDblyBGv0OZmB95785Eii7viqA=="
    },
    "2.15.2": {
      "version": "npm:element-theme-chalk@2.15.2",
      "resolved": "https://registry.npmjs.org/element-theme-chalk/-/element-theme-chalk-2.15.2.tgz",
      "integrity": "sha512-+djbCItT2H/I/gdXzSgUgs3YYYVBJbQG/nyv1xhnAqHEMfhBuZKHjozmM8mFMvE3Ms93K+kIq0oYoMaO5mcJqA=="
    },
    "2.15.3": {
      "version": "npm:element-theme-chalk@2.15.3",
      "resolved": "https://registry.npmjs.org/element-theme-chalk/-/element-theme-chalk-2.15.3.tgz",
      "integrity": "sha512-KICEYiGCYMy8pdMETeXxV6knmUMaVPXsjtVwWNYd3P5NC5Ti7pmS2asVMlArrVzfXOKHSWjiMmDA+2TKaIaOqA=="
    },
    "2.15.4": {
      "version": "npm:element-theme-chalk@2.15.4",
      "resolved": "https://registry.npmjs.org/element-theme-chalk/-/element-theme-chalk-2.15.4.tgz",
      "integrity": "sha512-Jk34YSCvsZ5n5cLDWMvcmWuRDJyeqGsSGGsXjpQgLBnvTfDMACDkMMpXkyGgOb6xGxNJqIxEnHwCO3dRb632ow=="
    },
    "2.15.5": {
      "version": "npm:element-theme-chalk@2.15.5",
      "resolved": "https://registry.npmjs.org/element-theme-chalk/-/element-theme-chalk-2.15.5.tgz",
      "integrity": "sha512-mbJKpnj0gTPRz3VPFeklzm/DxuQ2MuipSAdOw6YrMPEKgW+0Eur5o64ZbFssp/GpRvjsI8gSOyeU/ZiM0qfocA=="
    },
    "2.15.6": {
      "version": "npm:element-theme-chalk@2.15.6",
      "resolved": "https://registry.npmjs.org/element-theme-chalk/-/element-theme-chalk-2.15.6.tgz",
      "integrity": "sha512-xz5drQxpid6Yw0zETIVprZiPoZvt6dxpTthkDn8LxYg+F+3Yh1LThCEWutTHNnDKjfQkG9JqbNHsXMmCSr4vrA=="
    },
    "2.15.7": {
      "version": "npm:element-theme-chalk@2.15.7",
      "resolved": "https://registry.npmjs.org/element-theme-chalk/-/element-theme-chalk-2.15.7.tgz",
      "integrity": "sha512-S/zQVS4Sr02Ejh1l975JFdR7ExMvGhqA5LyyfmTzUWcX+0yXHsvVeO13e93hLInWhxyoWNHpIzJw0vUn9mjvhQ=="
    },
    "2.15.8": {
      "version": "npm:element-theme-chalk@2.15.8",
      "resolved": "https://registry.npmjs.org/element-theme-chalk/-/element-theme-chalk-2.15.8.tgz",
      "integrity": "sha512-Tx+YU/j4rZSxyD/NtUOBFmARGnCSe8oH1p6HxoOZzizDp8UxNuvEDENq0sB5KV8bzYCAmA4y+U1C6661p5G0Mg=="
    }
  }
}
